version = 1
requires-python = ">=3.12"

[[package]]
name = "certifi"
version = "2024.12.14"
source = { registry = "https://pypi.org/simple" }
sdist = { url = "https://files.pythonhosted.org/packages/0f/bd/1d41ee578ce09523c81a15426705dd20969f5abf006d1afe8aeff0dd776a/certifi-2024.12.14.tar.gz", hash = "sha256:b650d30f370c2b724812bee08008be0c4163b163ddaec3f2546c1caf65f191db", size = 166010 }
wheels = [
    { url = "https://files.pythonhosted.org/packages/a5/32/8f6669fc4798494966bf446c8c4a162e0b5d893dff088afddf76414f70e1/certifi-2024.12.14-py3-none-any.whl", hash = "sha256:1275f7a45be9464efc1173084eaa30f866fe2e47d389406136d332ed4967ec56", size = 164927 },
]

[[package]]
name = "charset-normalizer"
version = "3.4.1"
source = { registry = "https://pypi.org/simple" }
sdist = { url = "https://files.pythonhosted.org/packages/16/b0/572805e227f01586461c80e0fd25d65a2115599cc9dad142fee4b747c357/charset_normalizer-3.4.1.tar.gz", hash = "sha256:44251f18cd68a75b56585dd00dae26183e102cd5e0f9f1466e6df5da2ed64ea3", size = 123188 }
wheels = [
    { url = "https://files.pythonhosted.org/packages/0a/9a/dd1e1cdceb841925b7798369a09279bd1cf183cef0f9ddf15a3a6502ee45/charset_normalizer-3.4.1-cp312-cp312-macosx_10_13_universal2.whl", hash = "sha256:73d94b58ec7fecbc7366247d3b0b10a21681004153238750bb67bd9012414545", size = 196105 },
    { url = "https://files.pythonhosted.org/packages/d3/8c/90bfabf8c4809ecb648f39794cf2a84ff2e7d2a6cf159fe68d9a26160467/charset_normalizer-3.4.1-cp312-cp312-manylinux_2_17_aarch64.manylinux2014_aarch64.whl", hash = "sha256:dad3e487649f498dd991eeb901125411559b22e8d7ab25d3aeb1af367df5efd7", size = 140404 },
    { url = "https://files.pythonhosted.org/packages/ad/8f/e410d57c721945ea3b4f1a04b74f70ce8fa800d393d72899f0a40526401f/charset_normalizer-3.4.1-cp312-cp312-manylinux_2_17_ppc64le.manylinux2014_ppc64le.whl", hash = "sha256:c30197aa96e8eed02200a83fba2657b4c3acd0f0aa4bdc9f6c1af8e8962e0757", size = 150423 },
    { url = "https://files.pythonhosted.org/packages/f0/b8/e6825e25deb691ff98cf5c9072ee0605dc2acfca98af70c2d1b1bc75190d/charset_normalizer-3.4.1-cp312-cp312-manylinux_2_17_s390x.manylinux2014_s390x.whl", hash = "sha256:2369eea1ee4a7610a860d88f268eb39b95cb588acd7235e02fd5a5601773d4fa", size = 143184 },
    { url = "https://files.pythonhosted.org/packages/3e/a2/513f6cbe752421f16d969e32f3583762bfd583848b763913ddab8d9bfd4f/charset_normalizer-3.4.1-cp312-cp312-manylinux_2_17_x86_64.manylinux2014_x86_64.whl", hash = "sha256:bc2722592d8998c870fa4e290c2eec2c1569b87fe58618e67d38b4665dfa680d", size = 145268 },
    { url = "https://files.pythonhosted.org/packages/74/94/8a5277664f27c3c438546f3eb53b33f5b19568eb7424736bdc440a88a31f/charset_normalizer-3.4.1-cp312-cp312-manylinux_2_5_i686.manylinux1_i686.manylinux_2_17_i686.manylinux2014_i686.whl", hash = "sha256:ffc9202a29ab3920fa812879e95a9e78b2465fd10be7fcbd042899695d75e616", size = 147601 },
    { url = "https://files.pythonhosted.org/packages/7c/5f/6d352c51ee763623a98e31194823518e09bfa48be2a7e8383cf691bbb3d0/charset_normalizer-3.4.1-cp312-cp312-musllinux_1_2_aarch64.whl", hash = "sha256:804a4d582ba6e5b747c625bf1255e6b1507465494a40a2130978bda7b932c90b", size = 141098 },
    { url = "https://files.pythonhosted.org/packages/78/d4/f5704cb629ba5ab16d1d3d741396aec6dc3ca2b67757c45b0599bb010478/charset_normalizer-3.4.1-cp312-cp312-musllinux_1_2_i686.whl", hash = "sha256:0f55e69f030f7163dffe9fd0752b32f070566451afe180f99dbeeb81f511ad8d", size = 149520 },
    { url = "https://files.pythonhosted.org/packages/c5/96/64120b1d02b81785f222b976c0fb79a35875457fa9bb40827678e54d1bc8/charset_normalizer-3.4.1-cp312-cp312-musllinux_1_2_ppc64le.whl", hash = "sha256:c4c3e6da02df6fa1410a7680bd3f63d4f710232d3139089536310d027950696a", size = 152852 },
    { url = "https://files.pythonhosted.org/packages/84/c9/98e3732278a99f47d487fd3468bc60b882920cef29d1fa6ca460a1fdf4e6/charset_normalizer-3.4.1-cp312-cp312-musllinux_1_2_s390x.whl", hash = "sha256:5df196eb874dae23dcfb968c83d4f8fdccb333330fe1fc278ac5ceeb101003a9", size = 150488 },
    { url = "https://files.pythonhosted.org/packages/13/0e/9c8d4cb99c98c1007cc11eda969ebfe837bbbd0acdb4736d228ccaabcd22/charset_normalizer-3.4.1-cp312-cp312-musllinux_1_2_x86_64.whl", hash = "sha256:e358e64305fe12299a08e08978f51fc21fac060dcfcddd95453eabe5b93ed0e1", size = 146192 },
    { url = "https://files.pythonhosted.org/packages/b2/21/2b6b5b860781a0b49427309cb8670785aa543fb2178de875b87b9cc97746/charset_normalizer-3.4.1-cp312-cp312-win32.whl", hash = "sha256:9b23ca7ef998bc739bf6ffc077c2116917eabcc901f88da1b9856b210ef63f35", size = 95550 },
    { url = "https://files.pythonhosted.org/packages/21/5b/1b390b03b1d16c7e382b561c5329f83cc06623916aab983e8ab9239c7d5c/charset_normalizer-3.4.1-cp312-cp312-win_amd64.whl", hash = "sha256:6ff8a4a60c227ad87030d76e99cd1698345d4491638dfa6673027c48b3cd395f", size = 102785 },
    { url = "https://files.pythonhosted.org/packages/38/94/ce8e6f63d18049672c76d07d119304e1e2d7c6098f0841b51c666e9f44a0/charset_normalizer-3.4.1-cp313-cp313-macosx_10_13_universal2.whl", hash = "sha256:aabfa34badd18f1da5ec1bc2715cadc8dca465868a4e73a0173466b688f29dda", size = 195698 },
    { url = "https://files.pythonhosted.org/packages/24/2e/dfdd9770664aae179a96561cc6952ff08f9a8cd09a908f259a9dfa063568/charset_normalizer-3.4.1-cp313-cp313-manylinux_2_17_aarch64.manylinux2014_aarch64.whl", hash = "sha256:22e14b5d70560b8dd51ec22863f370d1e595ac3d024cb8ad7d308b4cd95f8313", size = 140162 },
    { url = "https://files.pythonhosted.org/packages/24/4e/f646b9093cff8fc86f2d60af2de4dc17c759de9d554f130b140ea4738ca6/charset_normalizer-3.4.1-cp313-cp313-manylinux_2_17_ppc64le.manylinux2014_ppc64le.whl", hash = "sha256:8436c508b408b82d87dc5f62496973a1805cd46727c34440b0d29d8a2f50a6c9", size = 150263 },
    { url = "https://files.pythonhosted.org/packages/5e/67/2937f8d548c3ef6e2f9aab0f6e21001056f692d43282b165e7c56023e6dd/charset_normalizer-3.4.1-cp313-cp313-manylinux_2_17_s390x.manylinux2014_s390x.whl", hash = "sha256:2d074908e1aecee37a7635990b2c6d504cd4766c7bc9fc86d63f9c09af3fa11b", size = 142966 },
    { url = "https://files.pythonhosted.org/packages/52/ed/b7f4f07de100bdb95c1756d3a4d17b90c1a3c53715c1a476f8738058e0fa/charset_normalizer-3.4.1-cp313-cp313-manylinux_2_17_x86_64.manylinux2014_x86_64.whl", hash = "sha256:955f8851919303c92343d2f66165294848d57e9bba6cf6e3625485a70a038d11", size = 144992 },
    { url = "https://files.pythonhosted.org/packages/96/2c/d49710a6dbcd3776265f4c923bb73ebe83933dfbaa841c5da850fe0fd20b/charset_normalizer-3.4.1-cp313-cp313-manylinux_2_5_i686.manylinux1_i686.manylinux_2_17_i686.manylinux2014_i686.whl", hash = "sha256:44ecbf16649486d4aebafeaa7ec4c9fed8b88101f4dd612dcaf65d5e815f837f", size = 147162 },
    { url = "https://files.pythonhosted.org/packages/b4/41/35ff1f9a6bd380303dea55e44c4933b4cc3c4850988927d4082ada230273/charset_normalizer-3.4.1-cp313-cp313-musllinux_1_2_aarch64.whl", hash = "sha256:0924e81d3d5e70f8126529951dac65c1010cdf117bb75eb02dd12339b57749dd", size = 140972 },
    { url = "https://files.pythonhosted.org/packages/fb/43/c6a0b685fe6910d08ba971f62cd9c3e862a85770395ba5d9cad4fede33ab/charset_normalizer-3.4.1-cp313-cp313-musllinux_1_2_i686.whl", hash = "sha256:2967f74ad52c3b98de4c3b32e1a44e32975e008a9cd2a8cc8966d6a5218c5cb2", size = 149095 },
    { url = "https://files.pythonhosted.org/packages/4c/ff/a9a504662452e2d2878512115638966e75633519ec11f25fca3d2049a94a/charset_normalizer-3.4.1-cp313-cp313-musllinux_1_2_ppc64le.whl", hash = "sha256:c75cb2a3e389853835e84a2d8fb2b81a10645b503eca9bcb98df6b5a43eb8886", size = 152668 },
    { url = "https://files.pythonhosted.org/packages/6c/71/189996b6d9a4b932564701628af5cee6716733e9165af1d5e1b285c530ed/charset_normalizer-3.4.1-cp313-cp313-musllinux_1_2_s390x.whl", hash = "sha256:09b26ae6b1abf0d27570633b2b078a2a20419c99d66fb2823173d73f188ce601", size = 150073 },
    { url = "https://files.pythonhosted.org/packages/e4/93/946a86ce20790e11312c87c75ba68d5f6ad2208cfb52b2d6a2c32840d922/charset_normalizer-3.4.1-cp313-cp313-musllinux_1_2_x86_64.whl", hash = "sha256:fa88b843d6e211393a37219e6a1c1df99d35e8fd90446f1118f4216e307e48cd", size = 145732 },
    { url = "https://files.pythonhosted.org/packages/cd/e5/131d2fb1b0dddafc37be4f3a2fa79aa4c037368be9423061dccadfd90091/charset_normalizer-3.4.1-cp313-cp313-win32.whl", hash = "sha256:eb8178fe3dba6450a3e024e95ac49ed3400e506fd4e9e5c32d30adda88cbd407", size = 95391 },
    { url = "https://files.pythonhosted.org/packages/27/f2/4f9a69cc7712b9b5ad8fdb87039fd89abba997ad5cbe690d1835d40405b0/charset_normalizer-3.4.1-cp313-cp313-win_amd64.whl", hash = "sha256:b1ac5992a838106edb89654e0aebfc24f5848ae2547d22c2c3f66454daa11971", size = 102702 },
    { url = "https://files.pythonhosted.org/packages/0e/f6/65ecc6878a89bb1c23a086ea335ad4bf21a588990c3f535a227b9eea9108/charset_normalizer-3.4.1-py3-none-any.whl", hash = "sha256:d98b1668f06378c6dbefec3b92299716b931cd4e6061f3c875a71ced1780ab85", size = 49767 },
]

[[package]]
name = "codebuddy"
version = "0.1.0"
source = { virtual = "." }
dependencies = [
    { name = "pyautogui" },
    { name = "python-dotenv" },
    { name = "requests" },
    { name = "rich" },
]

[package.metadata]
requires-dist = [
    { name = "pyautogui", specifier = ">=0.9.54" },
    { name = "python-dotenv", specifier = ">=1.0.1" },
    { name = "requests", specifier = ">=2.31.0" },
    { name = "rich", specifier = ">=13.9.4" },
]

[[package]]
name = "idna"
version = "3.10"
source = { registry = "https://pypi.org/simple" }
sdist = { url = "https://files.pythonhosted.org/packages/f1/70/7703c29685631f5a7590aa73f1f1d3fa9a380e654b86af429e0934a32f7d/idna-3.10.tar.gz", hash = "sha256:12f65c9b470abda6dc35cf8e63cc574b1c52b11df2c86030af0ac09b01b13ea9", size = 190490 }
wheels = [
    { url = "https://files.pythonhosted.org/packages/76/c6/c88e154df9c4e1a2a66ccf0005a88dfb2650c1dffb6f5ce603dfbd452ce3/idna-3.10-py3-none-any.whl", hash = "sha256:946d195a0d259cbba61165e88e65941f16e9b36ea6ddb97f00452bae8b1287d3", size = 70442 },
]

[[package]]
name = "markdown-it-py"
version = "3.0.0"
source = { registry = "https://pypi.org/simple" }
dependencies = [
    { name = "mdurl" },
]
sdist = { url = "https://files.pythonhosted.org/packages/38/71/3b932df36c1a044d397a1f92d1cf91ee0a503d91e470cbd670aa66b07ed0/markdown-it-py-3.0.0.tar.gz", hash = "sha256:e3f60a94fa066dc52ec76661e37c851cb232d92f9886b15cb560aaada2df8feb", size = 74596 }
wheels = [
    { url = "https://files.pythonhosted.org/packages/42/d7/1ec15b46af6af88f19b8e5ffea08fa375d433c998b8a7639e76935c14f1f/markdown_it_py-3.0.0-py3-none-any.whl", hash = "sha256:355216845c60bd96232cd8d8c40e8f9765cc86f46880e43a8fd22dc1a1a8cab1", size = 87528 },
]

[[package]]
name = "mdurl"
version = "0.1.2"
source = { registry = "https://pypi.org/simple" }
sdist = { url = "https://files.pythonhosted.org/packages/d6/54/cfe61301667036ec958cb99bd3efefba235e65cdeb9c84d24a8293ba1d90/mdurl-0.1.2.tar.gz", hash = "sha256:bb413d29f5eea38f31dd4754dd7377d4465116fb207585f97bf925588687c1ba", size = 8729 }
wheels = [
    { url = "https://files.pythonhosted.org/packages/b3/38/89ba8ad64ae25be8de66a6d463314cf1eb366222074cfda9ee839c56a4b4/mdurl-0.1.2-py3-none-any.whl", hash = "sha256:84008a41e51615a49fc9966191ff91509e3c40b939176e643fd50a5c2196b8f8", size = 9979 },
]

[[package]]
name = "mouseinfo"
version = "0.1.3"
source = { registry = "https://pypi.org/simple" }
dependencies = [
    { name = "pyperclip" },
    { name = "python3-xlib", marker = "platform_system == 'Linux'" },
    { name = "rubicon-objc", marker = "platform_system == 'Darwin'" },
]
sdist = { url = "https://files.pythonhosted.org/packages/28/fa/b2ba8229b9381e8f6381c1dcae6f4159a7f72349e414ed19cfbbd1817173/MouseInfo-0.1.3.tar.gz", hash = "sha256:2c62fb8885062b8e520a3cce0a297c657adcc08c60952eb05bc8256ef6f7f6e7", size = 10850 }

[[package]]
name = "pyautogui"
version = "0.9.54"
source = { registry = "https://pypi.org/simple" }
dependencies = [
    { name = "mouseinfo" },
    { name = "pygetwindow" },
    { name = "pymsgbox" },
    { name = "pyobjc-core", marker = "platform_system == 'Darwin'" },
    { name = "pyobjc-framework-quartz", marker = "platform_system == 'Darwin'" },
    { name = "pyscreeze" },
    { name = "python3-xlib", marker = "platform_system == 'Linux'" },
    { name = "pytweening" },
]
sdist = { url = "https://files.pythonhosted.org/packages/65/ff/cdae0a8c2118a0de74b6cf4cbcdcaf8fd25857e6c3f205ce4b1794b27814/PyAutoGUI-0.9.54.tar.gz", hash = "sha256:dd1d29e8fd118941cb193f74df57e5c6ff8e9253b99c7b04f39cfc69f3ae04b2", size = 61236 }

[[package]]
name = "pygetwindow"
version = "0.0.9"
source = { registry = "https://pypi.org/simple" }
dependencies = [
    { name = "pyrect" },
]
sdist = { url = "https://files.pythonhosted.org/packages/e1/70/c7a4f46dbf06048c6d57d9489b8e0f9c4c3d36b7479f03c5ca97eaa2541d/PyGetWindow-0.0.9.tar.gz", hash = "sha256:17894355e7d2b305cd832d717708384017c1698a90ce24f6f7fbf0242dd0a688", size = 9699 }

[[package]]
name = "pygments"
version = "2.19.1"
source = { registry = "https://pypi.org/simple" }
sdist = { url = "https://files.pythonhosted.org/packages/7c/2d/c3338d48ea6cc0feb8446d8e6937e1408088a72a39937982cc6111d17f84/pygments-2.19.1.tar.gz", hash = "sha256:61c16d2a8576dc0649d9f39e089b5f02bcd27fba10d8fb4dcc28173f7a45151f", size = 4968581 }
wheels = [
    { url = "https://files.pythonhosted.org/packages/8a/0b/9fcc47d19c48b59121088dd6da2488a49d5f72dacf8262e2790a1d2c7d15/pygments-2.19.1-py3-none-any.whl", hash = "sha256:9ea1544ad55cecf4b8242fab6dd35a93bbce657034b0611ee383099054ab6d8c", size = 1225293 },
]

[[package]]
name = "pymsgbox"
version = "1.0.9"
source = { registry = "https://pypi.org/simple" }
sdist = { url = "https://files.pythonhosted.org/packages/7d/ff/4c6f31a4f08979f12a663f2aeb6c8b765d3bd592e66eaaac445f547bb875/PyMsgBox-1.0.9.tar.gz", hash = "sha256:2194227de8bff7a3d6da541848705a155dcbb2a06ee120d9f280a1d7f51263ff", size = 18829 }

[[package]]
name = "pyobjc-core"
version = "10.3.2"
source = { registry = "https://pypi.org/simple" }
sdist = { url = "https://files.pythonhosted.org/packages/5d/07/2b3d63c0349fe4cf34d787a52a22faa156225808db2d1531fe58fabd779d/pyobjc_core-10.3.2.tar.gz", hash = "sha256:dbf1475d864ce594288ce03e94e3a98dc7f0e4639971eb1e312bdf6661c21e0e", size = 935182 }
wheels = [
    { url = "https://files.pythonhosted.org/packages/13/89/8808fe75efb03b29e082f9d12da31d55d5be3f55260c7b4e4cde7ebf81af/pyobjc_core-10.3.2-cp312-cp312-macosx_10_13_universal2.whl", hash = "sha256:16644a92fb9661de841ba6115e5354db06a1d193a5e239046e840013c7b3874d", size = 826024 },
    { url = "https://files.pythonhosted.org/packages/08/27/e7b8240c116cd8231ac33daaf982e36f77be33cf5448bbc568ce17371a79/pyobjc_core-10.3.2-cp313-cp313-macosx_10_13_universal2.whl", hash = "sha256:76b8b911d94501dac89821df349b1860bb770dce102a1a293f524b5b09dd9462", size = 827885 },
    { url = "https://files.pythonhosted.org/packages/de/a3/897cc31fca822a4df4ece31e4369dd9eae35bcb0b535fc9c7c21924268ba/pyobjc_core-10.3.2-cp313-cp313t-macosx_10_13_universal2.whl", hash = "sha256:8c6288fdb210b64115760a4504efbc4daffdc390d309e9318eb0e3e3b78d2828", size = 837794 },
]

[[package]]
name = "pyobjc-framework-cocoa"
version = "10.3.2"
source = { registry = "https://pypi.org/simple" }
dependencies = [
    { name = "pyobjc-core" },
]
sdist = { url = "https://files.pythonhosted.org/packages/39/41/4f09a5e9a6769b4dafb293ea597ed693cc0def0e07867ad0a42664f530b6/pyobjc_framework_cocoa-10.3.2.tar.gz", hash = "sha256:673968e5435845bef969bfe374f31a1a6dc660c98608d2b84d5cae6eafa5c39d", size = 4942530 }
wheels = [
    { url = "https://files.pythonhosted.org/packages/22/fc/496c6ce1386f93d22d9a1ee1889215ed69989d976efa27e46b37b95a4f2d/pyobjc_framework_Cocoa-10.3.2-cp312-cp312-macosx_10_13_universal2.whl", hash = "sha256:c49e99fc4b9e613fb308651b99d52a8a9ae9916c8ef27aa2f5d585b6678a59bf", size = 381866 },
    { url = "https://files.pythonhosted.org/packages/4e/c4/bccb4c05422170c0afccf6ebbdcc7551f7ddd03d2f7a65498d02cb179993/pyobjc_framework_Cocoa-10.3.2-cp313-cp313-macosx_10_13_universal2.whl", hash = "sha256:f1161b5713f9b9934c12649d73a6749617172e240f9431eff9e22175262fdfda", size = 381878 },
    { url = "https://files.pythonhosted.org/packages/25/ec/68657a633512edb84ecb1ff47a067a81028d6f027aa923e806400d2f8a26/pyobjc_framework_Cocoa-10.3.2-cp313-cp313t-macosx_10_13_universal2.whl", hash = "sha256:08e48b9ee4eb393447b2b781d16663b954bd10a26927df74f92e924c05568d89", size = 384925 },
]

[[package]]
name = "pyobjc-framework-quartz"
version = "10.3.2"
source = { registry = "https://pypi.org/simple" }
dependencies = [
    { name = "pyobjc-core" },
    { name = "pyobjc-framework-cocoa" },
]
sdist = { url = "https://files.pythonhosted.org/packages/eb/bd/d78c845a6f0640975e837d1d0f04d6bbd95bb88b77dcee22482144ac5ad0/pyobjc_framework_quartz-10.3.2.tar.gz", hash = "sha256:193e7752c93e2d1304f914e3a8c069f4b66de237376c5285ba7c72e9ee0e3b15", size = 3776754 }
wheels = [
    { url = "https://files.pythonhosted.org/packages/ca/92/29f0726d1031f0958db7639ab25fd1d2591b2c0638f3a7ca771bbf2cceee/pyobjc_framework_Quartz-10.3.2-cp312-cp312-macosx_10_13_universal2.whl", hash = "sha256:604188ee8ff051ffe74a12cb3274403fe9c3fa02b15fc4132685c0f74285ffe5", size = 209183 },
    { url = "https://files.pythonhosted.org/packages/91/31/514b9b7c20fb8347dce5cdaa0934253a9c2c637d3f05b8f6ab1bb7fbbb4f/pyobjc_framework_Quartz-10.3.2-cp313-cp313-macosx_10_13_universal2.whl", hash = "sha256:9e27fb446e012c9571bc163cff5f3036e9e6fa5caca06b5d7882ad1c6b6aaf0c", size = 209167 },
    { url = "https://files.pythonhosted.org/packages/ed/8f/6c23066cfc3c65c9769ac0fb9696c94ce36dc81dba48270f9b4810ee72d6/pyobjc_framework_Quartz-10.3.2-cp313-cp313t-macosx_10_13_universal2.whl", hash = "sha256:d5bd6ef96a3d08c97cf2aca43a819113cdff494b5abebcedd7cf23b6d6e711f4", size = 213534 },
]

[[package]]
name = "pyperclip"
version = "1.9.0"
source = { registry = "https://pypi.org/simple" }
sdist = { url = "https://files.pythonhosted.org/packages/30/23/2f0a3efc4d6a32f3b63cdff36cd398d9701d26cda58e3ab97ac79fb5e60d/pyperclip-1.9.0.tar.gz", hash = "sha256:b7de0142ddc81bfc5c7507eea19da920b92252b548b96186caf94a5e2527d310", size = 20961 }

[[package]]
name = "pyrect"
version = "0.2.0"
source = { registry = "https://pypi.org/simple" }
sdist = { url = "https://files.pythonhosted.org/packages/cb/04/2ba023d5f771b645f7be0c281cdacdcd939fe13d1deb331fc5ed1a6b3a98/PyRect-0.2.0.tar.gz", hash = "sha256:f65155f6df9b929b67caffbd57c0947c5ae5449d3b580d178074bffb47a09b78", size = 17219 }

[[package]]
name = "pyscreeze"
version = "1.0.1"
source = { registry = "https://pypi.org/simple" }
sdist = { url = "https://files.pythonhosted.org/packages/ee/f0/cb456ac4f1a73723d5b866933b7986f02bacea27516629c00f8e7da94c2d/pyscreeze-1.0.1.tar.gz", hash = "sha256:cf1662710f1b46aa5ff229ee23f367da9e20af4a78e6e365bee973cad0ead4be", size = 27826 }

[[package]]
name = "python-dotenv"
version = "1.0.1"
source = { registry = "https://pypi.org/simple" }
sdist = { url = "https://files.pythonhosted.org/packages/bc/57/e84d88dfe0aec03b7a2d4327012c1627ab5f03652216c63d49846d7a6c58/python-dotenv-1.0.1.tar.gz", hash = "sha256:e324ee90a023d808f1959c46bcbc04446a10ced277783dc6ee09987c37ec10ca", size = 39115 }
wheels = [
    { url = "https://files.pythonhosted.org/packages/6a/3e/b68c118422ec867fa7ab88444e1274aa40681c606d59ac27de5a5588f082/python_dotenv-1.0.1-py3-none-any.whl", hash = "sha256:f7b63ef50f1b690dddf550d03497b66d609393b40b564ed0d674909a68ebf16a", size = 19863 },
]

[[package]]
name = "python3-xlib"
version = "0.15"
source = { registry = "https://pypi.org/simple" }
sdist = { url = "https://files.pythonhosted.org/packages/ef/c6/2c5999de3bb1533521f1101e8fe56fd9c266732f4d48011c7c69b29d12ae/python3-xlib-0.15.tar.gz", hash = "sha256:dc4245f3ae4aa5949c1d112ee4723901ade37a96721ba9645f2bfa56e5b383f8", size = 132828 }

[[package]]
name = "pytweening"
version = "1.2.0"
source = { registry = "https://pypi.org/simple" }
sdist = { url = "https://files.pythonhosted.org/packages/79/0c/c16bc93ac2755bac0066a8ecbd2a2931a1735a6fffd99a2b9681c7e83e90/pytweening-1.2.0.tar.gz", hash = "sha256:243318b7736698066c5f362ec5c2b6434ecf4297c3c8e7caa8abfe6af4cac71b", size = 171241 }

[[package]]
name = "requests"
version = "2.32.3"
source = { registry = "https://pypi.org/simple" }
dependencies = [
    { name = "certifi" },
    { name = "charset-normalizer" },
    { name = "idna" },
    { name = "urllib3" },
]
sdist = { url = "https://files.pythonhosted.org/packages/63/70/2bf7780ad2d390a8d301ad0b550f1581eadbd9a20f896afe06353c2a2913/requests-2.32.3.tar.gz", hash = "sha256:55365417734eb18255590a9ff9eb97e9e1da868d4ccd6402399eaf68af20a760", size = 131218 }
wheels = [
    { url = "https://files.pythonhosted.org/packages/f9/9b/335f9764261e915ed497fcdeb11df5dfd6f7bf257d4a6a2a686d80da4d54/requests-2.32.3-py3-none-any.whl", hash = "sha256:70761cfe03c773ceb22aa2f671b4757976145175cdfca038c02654d061d6dcc6", size = 64928 },
]

[[package]]
name = "rich"
version = "13.9.4"
source = { registry = "https://pypi.org/simple" }
dependencies = [
    { name = "markdown-it-py" },
    { name = "pygments" },
]
sdist = { url = "https://files.pythonhosted.org/packages/ab/3a/0316b28d0761c6734d6bc14e770d85506c986c85ffb239e688eeaab2c2bc/rich-13.9.4.tar.gz", hash = "sha256:439594978a49a09530cff7ebc4b5c7103ef57baf48d5ea3184f21d9a2befa098", size = 223149 }
wheels = [
    { url = "https://files.pythonhosted.org/packages/19/71/39c7c0d87f8d4e6c020a393182060eaefeeae6c01dab6a84ec346f2567df/rich-13.9.4-py3-none-any.whl", hash = "sha256:6049d5e6ec054bf2779ab3358186963bac2ea89175919d699e378b99738c2a90", size = 242424 },
]

[[package]]
name = "rubicon-objc"
version = "0.5.0"
source = { registry = "https://pypi.org/simple" }
sdist = { url = "https://files.pythonhosted.org/packages/d3/13/586c9baa985eae0f718029506b40ca41295d51a546567414b2bcf8ccacef/rubicon_objc-0.5.0.tar.gz", hash = "sha256:18f075649780d95df53d483642068c767d7d2cfbbf075ddef124a44b40b6d92e", size = 173652 }
wheels = [
    { url = "https://files.pythonhosted.org/packages/6d/30/5b2407b8762ed882e5732e19c485b9ea2f07d35462615a3212638bab66c2/rubicon_objc-0.5.0-py3-none-any.whl", hash = "sha256:a9c2a605120d6e5be327d3f42a71b60963125987e116f51846757b5e110854fa", size = 62711 },
]

[[package]]
name = "urllib3"
version = "2.3.0"
source = { registry = "https://pypi.org/simple" }
sdist = { url = "https://files.pythonhosted.org/packages/aa/63/e53da845320b757bf29ef6a9062f5c669fe997973f966045cb019c3f4b66/urllib3-2.3.0.tar.gz", hash = "sha256:f8c5449b3cf0861679ce7e0503c7b44b5ec981bec0d1d3795a07f1ba96f0204d", size = 307268 }
wheels = [
    { url = "https://files.pythonhosted.org/packages/c8/19/4ec628951a74043532ca2cf5d97b7b14863931476d117c471e8e2b1eb39f/urllib3-2.3.0-py3-none-any.whl", hash = "sha256:1cee9ad369867bfdbbb48b7dd50374c0967a0bb7710050facf0dd6911440e3df", size = 128369 },
]
